
Microsoft Visual Studio Solution File, Format Version 12.00
# Visual Studio Version 17
VisualStudioVersion = 17.5.002.0
MinimumVisualStudioVersion = 10.0.40219.1
Project("{9A19103F-16F7-4668-BE54-9A1E7A4F7556}") = "TP6", "TP6.csproj", "{F55F3413-C183-4261-93C8-1AD492D13F19}"
EndProject
Global
	GlobalSection(SolutionConfigurationPlatforms) = preSolution
		Debug|Any CPU = Debug|Any CPU
		Release|Any CPU = Release|Any CPU
	EndGlobalSection
	GlobalSection(ProjectConfigurationPlatforms) = postSolution
		{F55F3413-C183-4261-93C8-1AD492D13F19}.Debug|Any CPU.ActiveCfg = Debug|Any CPU
		{F55F3413-C183-4261-93C8-1AD492D13F19}.Debug|Any CPU.Build.0 = Debug|Any CPU
		{F55F3413-C183-4261-93C8-1AD492D13F19}.Release|Any CPU.ActiveCfg = Release|Any CPU
		{F55F3413-C183-4261-93C8-1AD492D13F19}.Release|Any CPU.Build.0 = Release|Any CPU
	EndGlobalSection
	GlobalSection(SolutionProperties) = preSolution
		HideSolutionNode = FALSE
	EndGlobalSection
	GlobalSection(ExtensibilityGlobals) = postSolution
		SolutionGuid = {D3F173D0-6FAC-4915-9B41-D35E1DAF0B21}
	EndGlobalSection
EndGlobal
